<?xml version="1.0" encoding="utf-8"?>
<Project ToolsVersion="4.0" xmlns="http://schemas.microsoft.com/developer/msbuild/2003">
  <ItemGroup>
    <Filter Include="Source Files">
      <UniqueIdentifier>{4FC737F1-C7A5-4376-A066-2A32D752A2FF}</UniqueIdentifier>
      <Extensions>cpp;c;cc;cxx;c++;cppm;ixx;def;odl;idl;hpj;bat;asm;asmx</Extensions>
    </Filter>
    <Filter Include="Header Files">
      <UniqueIdentifier>{93995380-89BD-4b04-88EB-625FBE52EBFB}</UniqueIdentifier>
      <Extensions>h;hh;hpp;hxx;h++;hm;inl;inc;ipp;xsd</Extensions>
    </Filter>
    <Filter Include="Resource Files">
      <UniqueIdentifier>{67DA6AB6-F800-4c08-8B7A-83BB121AAD01}</UniqueIdentifier>
      <Extensions>rc;ico;cur;bmp;dlg;rc2;rct;bin;rgs;gif;jpg;jpeg;jpe;resx;tiff;tif;png;wav;mfcribbon-ms</Extensions>
    </Filter>
    <!-- External adapter filters -->
    <Filter Include="External">
      <UniqueIdentifier>{A1B2C3D4-E5F6-7890-ABCD-EF1234567890}</UniqueIdentifier>
    </Filter>
    <Filter Include="External\Emergency">
      <UniqueIdentifier>{B2C3D4E5-F6A7-8901-BCDE-F12345678901}</UniqueIdentifier>
    </Filter>
    <Filter Include="External\Error">
      <UniqueIdentifier>{C3D4E5F6-A7B8-9012-CDEF-123456789012}</UniqueIdentifier>
    </Filter>
    <Filter Include="External\Logging">
      <UniqueIdentifier>{D4E5F6A7-B8C9-0123-DEFG-234567890123}</UniqueIdentifier>
    </Filter>
  </ItemGroup>
  <ItemGroup>
    <ClInclude Include="framework.h">
      <Filter>Header Files</Filter>
    </ClInclude>
    <ClInclude Include="pch.h">
      <Filter>Header Files</Filter>
    </ClInclude>
  </ItemGroup>
  <ItemGroup>
    <ClCompile Include="Logger_Adapter.cpp">
      <Filter>Source Files</Filter>
    </ClCompile>
    <ClCompile Include="pch.cpp">
      <Filter>Source Files</Filter>
    </ClCompile>
  </ItemGroup>
  <!-- Emergency adapter headers in External\Emergency filter -->
  <ItemGroup>
    <ClInclude Include="emergency\CrashHandler.hpp">
      <Filter>External\Emergency</Filter>
    </ClInclude>
    <ClInclude Include="emergency\EmergencyConfig.hpp">
      <Filter>External\Emergency</Filter>
    </ClInclude>
    <ClInclude Include="emergency\EmergencyManager.hpp">
      <Filter>External\Emergency</Filter>
    </ClInclude>
    <ClInclude Include="emergency\GracefulShutdown.hpp">
      <Filter>External\Emergency</Filter>
    </ClInclude>
    <ClInclude Include="emergency\HealthProbe.hpp">
      <Filter>External\Emergency</Filter>
    </ClInclude>
  </ItemGroup>
  <!-- Error adapter headers in External\Error filter -->
  <ItemGroup>
    <ClInclude Include="error\ErrorCode.hpp">
      <Filter>External\Error</Filter>
    </ClInclude>
    <ClInclude Include="error\ErrorContext.hpp">
      <Filter>External\Error</Filter>
    </ClInclude>
    <ClInclude Include="error\ErrorMacros.hpp">
      <Filter>External\Error</Filter>
    </ClInclude>
    <ClInclude Include="error\Result.hpp">
      <Filter>External\Error</Filter>
    </ClInclude>
  </ItemGroup>
  <!-- Logging adapter headers in External\Logging filter -->
  <ItemGroup>
    <ClInclude Include="logging\HotPathLogger.hpp">
      <Filter>External\Logging</Filter>
    </ClInclude>
    <ClInclude Include="logging\LoggerSetup.hpp">
      <Filter>External\Logging</Filter>
    </ClInclude>
    <ClInclude Include="logging\LoggingConfig.hpp">
      <Filter>External\Logging</Filter>
    </ClInclude>
    <ClInclude Include="logging\StructuredLogger.hpp">
      <Filter>External\Logging</Filter>
    </ClInclude>
  </ItemGroup>
</Project>